// !$*UTF8*$!
{
	archiveVersion = 1;
	classes = {
	};
	objectVersion = 50;
	objects = {

/* Begin PBXBuildFile section */
		4231DC2721960AC400090537 /* Meme.swift in Sources */ = {isa = PBXBuildFile; fileRef = 4231DC2621960AC400090537 /* Meme.swift */; };
		4231DC2E2196109E00090537 /* SentMemesTableViewController.swift in Sources */ = {isa = PBXBuildFile; fileRef = 4231DC2D2196109E00090537 /* SentMemesTableViewController.swift */; };
		4231DC30219610BC00090537 /* SentMemesCollectionViewController.swift in Sources */ = {isa = PBXBuildFile; fileRef = 4231DC2F219610BC00090537 /* SentMemesCollectionViewController.swift */; };
		4231DC322196137200090537 /* CustomMemeCell.swift in Sources */ = {isa = PBXBuildFile; fileRef = 4231DC312196137200090537 /* CustomMemeCell.swift */; };
		4231DC34219613E900090537 /* MemeDetailViewController.swift in Sources */ = {isa = PBXBuildFile; fileRef = 4231DC33219613E900090537 /* MemeDetailViewController.swift */; };
		42A5EF262190CDAC0072B871 /* AppDelegate.swift in Sources */ = {isa = PBXBuildFile; fileRef = 42A5EF252190CDAC0072B871 /* AppDelegate.swift */; };
		42A5EF282190CDAC0072B871 /* MemeEditorViewController.swift in Sources */ = {isa = PBXBuildFile; fileRef = 42A5EF272190CDAC0072B871 /* MemeEditorViewController.swift */; };
		42A5EF2B2190CDAC0072B871 /* Main.storyboard in Resources */ = {isa = PBXBuildFile; fileRef = 42A5EF292190CDAC0072B871 /* Main.storyboard */; };
		42A5EF2D2190CDAE0072B871 /* Assets.xcassets in Resources */ = {isa = PBXBuildFile; fileRef = 42A5EF2C2190CDAE0072B871 /* Assets.xcassets */; };
		42A5EF302190CDAE0072B871 /* LaunchScreen.storyboard in Resources */ = {isa = PBXBuildFile; fileRef = 42A5EF2E2190CDAE0072B871 /* LaunchScreen.storyboard */; };
/* End PBXBuildFile section */

/* Begin PBXFileReference section */
		4231DC2621960AC400090537 /* Meme.swift */ = {isa = PBXFileReference; lastKnownFileType = sourcecode.swift; path = Meme.swift; sourceTree = "<group>"; };
		4231DC2D2196109E00090537 /* SentMemesTableViewController.swift */ = {isa = PBXFileReference; lastKnownFileType = sourcecode.swift; path = SentMemesTableViewController.swift; sourceTree = "<group>"; };
		4231DC2F219610BC00090537 /* SentMemesCollectionViewController.swift */ = {isa = PBXFileReference; lastKnownFileType = sourcecode.swift; path = SentMemesCollectionViewController.swift; sourceTree = "<group>"; };
		4231DC312196137200090537 /* CustomMemeCell.swift */ = {isa = PBXFileReference; fileEncoding = 4; lastKnownFileType = sourcecode.swift; path = CustomMemeCell.swift; sourceTree = "<group>"; };
		4231DC33219613E900090537 /* MemeDetailViewController.swift */ = {isa = PBXFileReference; fileEncoding = 4; lastKnownFileType = sourcecode.swift; path = MemeDetailViewController.swift; sourceTree = "<group>"; };
		42A5EF222190CDAC0072B871 /* MemeMe.app */ = {isa = PBXFileReference; explicitFileType = wrapper.application; includeInIndex = 0; path = MemeMe.app; sourceTree = BUILT_PRODUCTS_DIR; };
		42A5EF252190CDAC0072B871 /* AppDelegate.swift */ = {isa = PBXFileReference; lastKnownFileType = sourcecode.swift; path = AppDelegate.swift; sourceTree = "<group>"; };
		42A5EF272190CDAC0072B871 /* MemeEditorViewController.swift */ = {isa = PBXFileReference; lastKnownFileType = sourcecode.swift; path = MemeEditorViewController.swift; sourceTree = "<group>"; };
		42A5EF2A2190CDAC0072B871 /* Base */ = {isa = PBXFileReference; lastKnownFileType = file.storyboard; name = Base; path = Base.lproj/Main.storyboard; sourceTree = "<group>"; };
		42A5EF2C2190CDAE0072B871 /* Assets.xcassets */ = {isa = PBXFileReference; lastKnownFileType = folder.assetcatalog; path = Assets.xcassets; sourceTree = "<group>"; };
		42A5EF2F2190CDAE0072B871 /* Base */ = {isa = PBXFileReference; lastKnownFileType = file.storyboard; name = Base; path = Base.lproj/LaunchScreen.storyboard; sourceTree = "<group>"; };
		42A5EF312190CDAE0072B871 /* Info.plist */ = {isa = PBXFileReference; lastKnownFileType = text.plist.xml; path = Info.plist; sourceTree = "<group>"; };
/* End PBXFileReference section */

/* Begin PBXFrameworksBuildPhase section */
		42A5EF1F2190CDAC0072B871 /* Frameworks */ = {
			isa = PBXFrameworksBuildPhase;
			buildActionMask = 2147483647;
			files = (
			);
			runOnlyForDeploymentPostprocessing = 0;
		};
/* End PBXFrameworksBuildPhase section */

/* Begin PBXGroup section */
		4231DC2921960B6600090537 /* Model */ = {
			isa = PBXGroup;
			children = (
				4231DC2621960AC400090537 /* Meme.swift */,
			);
			path = Model;
			sourceTree = "<group>";
		};
		4231DC2B21960B8B00090537 /* Views */ = {
			isa = PBXGroup;
			children = (
				42A5EF292190CDAC0072B871 /* Main.storyboard */,
				42A5EF2E2190CDAE0072B871 /* LaunchScreen.storyboard */,
			);
			path = Views;
			sourceTree = "<group>";
		};
		4231DC2C21960B9C00090537 /* Controllers */ = {
			isa = PBXGroup;
			children = (
				42A5EF272190CDAC0072B871 /* MemeEditorViewController.swift */,
				4231DC2D2196109E00090537 /* SentMemesTableViewController.swift */,
				4231DC312196137200090537 /* CustomMemeCell.swift */,
				4231DC33219613E900090537 /* MemeDetailViewController.swift */,
				4231DC2F219610BC00090537 /* SentMemesCollectionViewController.swift */,
			);
			path = Controllers;
			sourceTree = "<group>";
		};
		42A5EF192190CDAC0072B871 = {
			isa = PBXGroup;
			children = (
				42A5EF242190CDAC0072B871 /* MemeMe */,
				42A5EF232190CDAC0072B871 /* Products */,
			);
			sourceTree = "<group>";
		};
		42A5EF232190CDAC0072B871 /* Products */ = {
			isa = PBXGroup;
			children = (
				42A5EF222190CDAC0072B871 /* MemeMe.app */,
			);
			name = Products;
			sourceTree = "<group>";
		};
		42A5EF242190CDAC0072B871 /* MemeMe */ = {
			isa = PBXGroup;
			children = (
				4231DC2C21960B9C00090537 /* Controllers */,
				4231DC2B21960B8B00090537 /* Views */,
				4231DC2921960B6600090537 /* Model */,
				42A5EF252190CDAC0072B871 /* AppDelegate.swift */,
				42A5EF2C2190CDAE0072B871 /* Assets.xcassets */,
				42A5EF312190CDAE0072B871 /* Info.plist */,
			);
			path = MemeMe;
			sourceTree = "<group>";
		};
/* End PBXGroup section */

/* Begin PBXNativeTarget section */
		42A5EF212190CDAC0072B871 /* MemeMe */ = {
			isa = PBXNativeTarget;
			buildConfigurationList = 42A5EF342190CDAE0072B871 /* Build configuration list for PBXNativeTarget "MemeMe" */;
			buildPhases = (
				42A5EF1E2190CDAC0072B871 /* Sources */,
				42A5EF1F2190CDAC0072B871 /* Frameworks */,
				42A5EF202190CDAC0072B871 /* Resources */,
			);
			buildRules = (
			);
			dependencies = (
			);
			name = MemeMe;
			productName = MemeMe;
			productReference = 42A5EF222190CDAC0072B871 /* MemeMe.app */;
			productType = "com.apple.product-type.application";
		};
/* End PBXNativeTarget section */

/* Begin PBXProject section */
		42A5EF1A2190CDAC0072B871 /* Project object */ = {
			isa = PBXProject;
			attributes = {
				LastSwiftUpdateCheck = 0940;
				LastUpgradeCheck = 0940;
				ORGANIZATIONNAME = Bdour;
				TargetAttributes = {
					42A5EF212190CDAC0072B871 = {
						CreatedOnToolsVersion = 9.4.1;
					};
				};
			};
			buildConfigurationList = 42A5EF1D2190CDAC0072B871 /* Build configuration list for PBXProject "MemeMe" */;
			compatibilityVersion = "Xcode 9.3";
			developmentRegion = en;
			hasScannedForEncodings = 0;
			knownRegions = (
				en,
				Base,
			);
			mainGroup = 42A5EF192190CDAC0072B871;
			productRefGroup = 42A5EF232190CDAC0072B871 /* Products */;
			projectDirPath = "";
			projectRoot = "";
			targets = (
				42A5EF212190CDAC0072B871 /* MemeMe */,
			);
		};
/* End PBXProject section */

/* Begin PBXResourcesBuildPhase section */
		42A5EF202190CDAC0072B871 /* Resources */ = {
			isa = PBXResourcesBuildPhase;
			buildActionMask = 2147483647;
			files = (
				42A5EF302190CDAE0072B871 /* LaunchScreen.storyboard in Resources */,
				42A5EF2D2190CDAE0072B871 /* Assets.xcassets in Resources */,
				42A5EF2B2190CDAC0072B871 /* Main.storyboard in Resources */,
			);
			runOnlyForDeploymentPostprocessing = 0;
		};
/* End PBXResourcesBuildPhase section */

/* Begin PBXSourcesBuildPhase section */
		42A5EF1E2190CDAC0072B871 /* Sources */ = {
			isa = PBXSourcesBuildPhase;
			buildActionMask = 2147483647;
			files = (
				4231DC2721960AC400090537 /* Meme.swift in Sources */,
				4231DC2E2196109E00090537 /* SentMemesTableViewController.swift in Sources */,
				4231DC322196137200090537 /* CustomMemeCell.swift in Sources */,
				4231DC30219610BC00090537 /* SentMemesCollectionViewController.swift in Sources */,
				42A5EF282190CDAC0072B871 /* MemeEditorViewController.swift in Sources */,
				4231DC34219613E900090537 /* MemeDetailViewController.swift in Sources */,
				42A5EF262190CDAC0072B871 /* AppDelegate.swift in Sources */,
			);
			runOnlyForDeploymentPostprocessing = 0;
		};
/* End PBXSourcesBuildPhase section */

/* Begin PBXVariantGroup section */
		42A5EF292190CDAC0072B871 /* Main.storyboard */ = {
			isa = PBXVariantGroup;
			children = (
				42A5EF2A2190CDAC0072B871 /* Base */,
			);
			name = Main.storyboard;
			sourceTree = "<group>";
		};
		42A5EF2E2190CDAE0072B871 /* LaunchScreen.storyboard */ = {
			isa = PBXVariantGroup;
			children = (
				42A5EF2F2190CDAE0072B871 /* Base */,
			);
			name = LaunchScreen.storyboard;
			sourceTree = "<group>";
		};
/* End PBXVariantGroup section */

/* Begin XCBuildConfiguration section */
		42A5EF322190CDAE0072B871 /* Debug */ = {
			isa = XCBuildConfiguration;
			buildSettings = {
				ALWAYS_SEARCH_USER_PATHS = NO;
				CLANG_ANALYZER_NONNULL = YES;
				CLANG_ANALYZER_NUMBER_OBJECT_CONVERSION = YES_AGGRESSIVE;
				CLANG_CXX_LANGUAGE_STANDARD = "gnu++14";
				CLANG_CXX_LIBRARY = "libc++";
				CLANG_ENABLE_MODULES = YES;
				CLANG_ENABLE_OBJC_ARC = YES;
				CLANG_ENABLE_OBJC_WEAK = YES;
				CLANG_WARN_BLOCK_CAPTURE_AUTORELEASING = YES;
				CLANG_WARN_BOOL_CONVERSION = YES;
				CLANG_WARN_COMMA = YES;
				CLANG_WARN_CONSTANT_CONVERSION = YES;
				CLANG_WARN_DEPRECATED_OBJC_IMPLEMENTATIONS = YES;
				CLANG_WARN_DIRECT_OBJC_ISA_USAGE = YES_ERROR;
				CLANG_WARN_DOCUMENTATION_COMMENTS = YES;
				CLANG_WARN_EMPTY_BODY = YES;
				CLANG_WARN_ENUM_CONVERSION = YES;
				CLANG_WARN_INFINITE_RECURSION = YES;
				CLANG_WARN_INT_CONVERSION = YES;
				CLANG_WARN_NON_LITERAL_NULL_CONVERSION = YES;
				CLANG_WARN_OBJC_IMPLICIT_RETAIN_SELF = YES;
				CLANG_WARN_OBJC_LITERAL_CONVERSION = YES;
				CLANG_WARN_OBJC_ROOT_CLASS = YES_ERROR;
				CLANG_WARN_RANGE_LOOP_ANALYSIS = YES;
				CLANG_WARN_STRICT_PROTOTYPES = YES;
				CLANG_WARN_SUSPICIOUS_MOVE = YES;
				CLANG_WARN_UNGUARDED_AVAILABILITY = YES_AGGRESSIVE;
				CLANG_WARN_UNREACHABLE_CODE = YES;
				CLANG_WARN__DUPLICATE_METHOD_MATCH = YES;
				CODE_SIGN_IDENTITY = "iPhone Developer";
				COPY_PHASE_STRIP = NO;
				DEBUG_INFORMATION_FORMAT = dwarf;
				ENABLE_STRICT_OBJC_MSGSEND = YES;
				ENABLE_TESTABILITY = YES;
				GCC_C_LANGUAGE_STANDARD = gnu11;
				GCC_DYNAMIC_NO_PIC = NO;
				GCC_NO_COMMON_BLOCKS = YES;
				GCC_OPTIMIZATION_LEVEL = 0;
				GCC_PREPROCESSOR_DEFINITIONS = (
					"DEBUG=1",
					"$(inherited)",
				);
				GCC_WARN_64_TO_32_BIT_CONVERSION = YES;
				GCC_WARN_ABOUT_RETURN_TYPE = YES_ERROR;
				GCC_WARN_UNDECLARED_SELECTOR = YES;
				GCC_WARN_UNINITIALIZED_AUTOS = YES_AGGRESSIVE;
				GCC_WARN_UNUSED_FUNCTION = YES;
				GCC_WARN_UNUSED_VARIABLE = YES;
				IPHONEOS_DEPLOYMENT_TARGET = 11.4;
				MTL_ENABLE_DEBUG_INFO = YES;
				ONLY_ACTIVE_ARCH = YES;
				SDKROOT = iphoneos;
				SWIFT_ACTIVE_COMPILATION_CONDITIONS = DEBUG;
				SWIFT_OPTIMIZATION_LEVEL = "-Onone";
			};
			name = Debug;
		};
		42A5EF332190CDAE0072B871 /* Release */ = {
			isa = XCBuildConfiguration;
			buildSettings = {
				ALWAYS_SEARCH_USER_PATHS = NO;
				CLANG_ANALYZER_NONNULL = YES;
				CLANG_ANALYZER_NUMBER_OBJECT_CONVERSION = YES_AGGRESSIVE;
				CLANG_CXX_LANGUAGE_STANDARD = "gnu++14";
				CLANG_CXX_LIBRARY = "libc++";
				CLANG_ENABLE_MODULES = YES;
				CLANG_ENABLE_OBJC_ARC = YES;
				CLANG_ENABLE_OBJC_WEAK = YES;
				CLANG_WARN_BLOCK_CAPTURE_AUTORELEASING = YES;
				CLANG_WARN_BOOL_CONVERSION = YES;
				CLANG_WARN_COMMA = YES;
				CLANG_WARN_CONSTANT_CONVERSION = YES;
				CLANG_WARN_DEPRECATED_OBJC_IMPLEMENTATIONS = YES;
				CLANG_WARN_DIRECT_OBJC_ISA_USAGE = YES_ERROR;
				CLANG_WARN_DOCUMENTATION_COMMENTS = YES;
				CLANG_WARN_EMPTY_BODY = YES;
				CLANG_WARN_ENUM_CONVERSION = YES;
				CLANG_WARN_INFINITE_RECURSION = YES;
				CLANG_WARN_INT_CONVERSION = YES;
				CLANG_WARN_NON_LITERAL_NULL_CONVERSION = YES;
				CLANG_WARN_OBJC_IMPLICIT_RETAIN_SELF = YES;
				CLANG_WARN_OBJC_LITERAL_CONVERSION = YES;
				CLANG_WARN_OBJC_ROOT_CLASS = YES_ERROR;
				CLANG_WARN_RANGE_LOOP_ANALYSIS = YES;
				CLANG_WARN_STRICT_PROTOTYPES = YES;
				CLANG_WARN_SUSPICIOUS_MOVE = YES;
				CLANG_WARN_UNGUARDED_AVAILABILITY = YES_AGGRESSIVE;
				CLANG_WARN_UNREACHABLE_CODE = YES;
				CLANG_WARN__DUPLICATE_METHOD_MATCH = YES;
				CODE_SIGN_IDENTITY = "iPhone Developer";
				COPY_PHASE_STRIP = NO;
				DEBUG_INFORMATION_FORMAT = "dwarf-with-dsym";
				ENABLE_NS_ASSERTIONS = NO;
				ENABLE_STRICT_OBJC_MSGSEND = YES;
				GCC_C_LANGUAGE_STANDARD = gnu11;
				GCC_NO_COMMON_BLOCKS = YES;
				GCC_WARN_64_TO_32_BIT_CONVERSION = YES;
				GCC_WARN_ABOUT_RETURN_TYPE = YES_ERROR;
				GCC_WARN_UNDECLARED_SELECTOR = YES;
				GCC_WARN_UNINITIALIZED_AUTOS = YES_AGGRESSIVE;
				GCC_WARN_UNUSED_FUNCTION = YES;
				GCC_WARN_UNUSED_VARIABLE = YES;
				IPHONEOS_DEPLOYMENT_TARGET = 11.4;
				MTL_ENABLE_DEBUG_INFO = NO;
				SDKROOT = iphoneos;
				SWIFT_COMPILATION_MODE = wholemodule;
				SWIFT_OPTIMIZATION_LEVEL = "-O";
				VALIDATE_PRODUCT = YES;
			};
			name = Release;
		};
		42A5EF352190CDAE0072B871 /* Debug */ = {
			isa = XCBuildConfiguration;
			buildSettings = {
				ASSETCATALOG_COMPILER_APPICON_NAME = AppIcon;
				CODE_SIGN_STYLE = Automatic;
				DEVELOPMENT_TEAM = 5R99L98Q6M;
				INFOPLIST_FILE = MemeMe/Info.plist;
				LD_RUNPATH_SEARCH_PATHS = (
					"$(inherited)",
					"@executable_path/Frameworks",
				);
				PRODUCT_BUNDLE_IDENTIFIER = com.Bdour.MemeMe;
				PRODUCT_NAME = "$(TARGET_NAME)";
				SWIFT_VERSION = 4.0;
				TARGETED_DEVICE_FAMILY = "1,2";
			};
			name = Debug;
		};
		42A5EF362190CDAE0072B871 /* Release */ = {
			isa = XCBuildConfiguration;
			buildSettings = {
				ASSETCATALOG_COMPILER_APPICON_NAME = AppIcon;
				CODE_SIGN_STYLE = Automatic;
				DEVELOPMENT_TEAM = 5R99L98Q6M;
				INFOPLIST_FILE = MemeMe/Info.plist;
				LD_RUNPATH_SEARCH_PATHS = (
					"$(inherited)",
					"@executable_path/Frameworks",
				);
				PRODUCT_BUNDLE_IDENTIFIER = com.Bdour.MemeMe;
				PRODUCT_NAME = "$(TARGET_NAME)";
				SWIFT_VERSION = 4.0;
				TARGETED_DEVICE_FAMILY = "1,2";
			};
			name = Release;
		};
/* End XCBuildConfiguration section */

/* Begin XCConfigurationList section */
		42A5EF1D2190CDAC0072B871 /* Build configuration list for PBXProject "MemeMe" */ = {
			isa = XCConfigurationList;
			buildConfigurations = (
				42A5EF322190CDAE0072B871 /* Debug */,
				42A5EF332190CDAE0072B871 /* Release */,
			);
			defaultConfigurationIsVisible = 0;
			defaultConfigurationName = Release;
		};
		42A5EF342190CDAE0072B871 /* Build configuration list for PBXNativeTarget "MemeMe" */ = {
			isa = XCConfigurationList;
			buildConfigurations = (
				42A5EF352190CDAE0072B871 /* Debug */,
				42A5EF362190CDAE0072B871 /* Release */,
			);
			defaultConfigurationIsVisible = 0;
			defaultConfigurationName = Release;
		};
/* End XCConfigurationList section */
	};
	rootObject = 42A5EF1A2190CDAC0072B871 /* Project object */;
}
